
Microsoft Visual Studio Solution File, Format Version 12.00
# Visual Studio Version 17
VisualStudioVersion = 17.5.33530.505
MinimumVisualStudioVersion = 10.0.40219.1
Project("{FAE04EC0-301F-11D3-BF4B-00C04F79EFBC}") = "FilterRLC", "FilterRLC.csproj", "{7CFFDB60-4C2C-43BE-8B88-874C7B5CF00F}"
EndProject
Global
	GlobalSection(SolutionConfigurationPlatforms) = preSolution
		Debug|Any CPU = Debug|Any CPU
		Release|Any CPU = Release|Any CPU
	EndGlobalSection
	GlobalSection(ProjectConfigurationPlatforms) = postSolution
		{7CFFDB60-4C2C-43BE-8B88-874C7B5CF00F}.Debug|Any CPU.ActiveCfg = Debug|Any CPU
		{7CFFDB60-4C2C-43BE-8B88-874C7B5CF00F}.Debug|Any CPU.Build.0 = Debug|Any CPU
		{7CFFDB60-4C2C-43BE-8B88-874C7B5CF00F}.Release|Any CPU.ActiveCfg = Release|Any CPU
		{7CFFDB60-4C2C-43BE-8B88-874C7B5CF00F}.Release|Any CPU.Build.0 = Release|Any CPU
	EndGlobalSection
	GlobalSection(SolutionProperties) = preSolution
		HideSolutionNode = FALSE
	EndGlobalSection
	GlobalSection(ExtensibilityGlobals) = postSolution
		SolutionGuid = {28274EB4-9CAA-41D6-9B82-B3CF0B98CA28}
	EndGlobalSection
EndGlobal
